
Microsoft Visual Studio Solution File, Format Version 12.00
Project("{FAE04EC0-301F-11D3-BF4B-00C04F79EFBC}") = "ColorGanInterface", "ColorGanInterface\ColorGanInterface.csproj", "{A148D2F0-511F-4D0E-908E-2F93AF6E6666}"
EndProject
Global
	GlobalSection(SolutionConfigurationPlatforms) = preSolution
		Debug|Any CPU = Debug|Any CPU
		Release|Any CPU = Release|Any CPU
	EndGlobalSection
	GlobalSection(ProjectConfigurationPlatforms) = postSolution
		{A148D2F0-511F-4D0E-908E-2F93AF6E6666}.Debug|Any CPU.ActiveCfg = Debug|Any CPU
		{A148D2F0-511F-4D0E-908E-2F93AF6E6666}.Debug|Any CPU.Build.0 = Debug|Any CPU
		{A148D2F0-511F-4D0E-908E-2F93AF6E6666}.Release|Any CPU.ActiveCfg = Release|Any CPU
		{A148D2F0-511F-4D0E-908E-2F93AF6E6666}.Release|Any CPU.Build.0 = Release|Any CPU
	EndGlobalSection
EndGlobal
